{
  "name": "openfin-headless-app-service",
  "version": "0.0.0",
  "lockfileVersion": 1,
  "requires": true,
  "dependencies": {
    "@types/node": {
      "version": "10.17.60",
      "resolved": "https://registry.npmjs.org/@types/node/-/node-10.17.60.tgz",
      "integrity": "sha512-F0KIgDJfy2nA3zMLmWGKxcH2ZVEtCZXHHdOQs2gSaQ27+lNeEfGxzkIw90aXswATX7AZ33tahPbzy6KAfUreVw==",
      "dev": true
    },
    "openfin-adapter": {
      "version": "20.62.4",
      "resolved": "https://registry.npmjs.org/openfin-adapter/-/openfin-adapter-20.62.4.tgz",
      "integrity": "sha512-+S1EQM+wAEEuVV5MALYLwY3z22NkT13q6CdMVgvvZ5+DWh3ZJH2Y5QCllk0PvT9Fup3CttmJOcuwcxU5UV3a4w==",
      "dev": true,
      "requires": {
        "@types/node": "^10.17.19",
        "underscore": "^1.8.3",
        "ws": "^7.3.0"
      }
    },
    "underscore": {
      "version": "1.13.1",
      "resolved": "https://registry.npmjs.org/underscore/-/underscore-1.13.1.tgz",
      "integrity": "sha512-hzSoAVtJF+3ZtiFX0VgfFPHEDRm7Y/QPjGyNo4TVdnDTdft3tr8hEkD25a1jC+TjTuE7tkHGKkhwCgs9dgBB2g==",
      "dev": true
    },
    "ws": {
      "version": "7.5.3",
      "resolved": "https://registry.npmjs.org/ws/-/ws-7.5.3.tgz",
      "integrity": "sha512-kQ/dHIzuLrS6Je9+uv81ueZomEwH0qVYstcAQ4/Z93K8zeko9gtAbttJWzoC5ukqXY1PpoouV3+VSOqEAFt5wg==",
      "dev": true
    }
  }
}
